
Microsoft Visual Studio Solution File, Format Version 12.00
# Visual Studio Version 16
VisualStudioVersion = 16.0.30406.217
MinimumVisualStudioVersion = 10.0.40219.1
Project("{FAE04EC0-301F-11D3-BF4B-00C04F79EFBC}") = "Accounting_App", "Accounting_App\Accounting_App.csproj", "{6B6EE3EA-80F9-4E56-9C0C-0E50CAAF3636}"
EndProject
Project("{FAE04EC0-301F-11D3-BF4B-00C04F79EFBC}") = "Accounting.DataLayer", "Accounting.DataLayer\Accounting.DataLayer.csproj", "{9D501ADF-E32F-4CF2-8216-9FF0ACE93DE0}"
EndProject
Project("{FAE04EC0-301F-11D3-BF4B-00C04F79EFBC}") = "Accounting_ViewModel", "Accounting_ViewModel\Accounting_ViewModel.csproj", "{680ED6C2-66A8-44B3-BCB3-1545446E9C37}"
EndProject
Project("{FAE04EC0-301F-11D3-BF4B-00C04F79EFBC}") = "Accounting_Business", "Accounting_Business\Accounting_Business.csproj", "{95C4557E-C309-4799-9F48-0C76F5D7E3B8}"
EndProject
Project("{FAE04EC0-301F-11D3-BF4B-00C04F79EFBC}") = "Accounting_Utility", "Accounting_Utility\Accounting_Utility.csproj", "{E05814CF-215D-4A56-B895-A8D5995ECB0D}"
EndProject
Project("{FAE04EC0-301F-11D3-BF4B-00C04F79EFBC}") = "TestCustomer", "TestCustomer\TestCustomer.csproj", "{ABF02BBE-E54B-48EF-8E22-9D085E03014D}"
EndProject
Global
	GlobalSection(SolutionConfigurationPlatforms) = preSolution
		Debug|Any CPU = Debug|Any CPU
		Release|Any CPU = Release|Any CPU
	EndGlobalSection
	GlobalSection(ProjectConfigurationPlatforms) = postSolution
		{6B6EE3EA-80F9-4E56-9C0C-0E50CAAF3636}.Debug|Any CPU.ActiveCfg = Debug|Any CPU
		{6B6EE3EA-80F9-4E56-9C0C-0E50CAAF3636}.Debug|Any CPU.Build.0 = Debug|Any CPU
		{6B6EE3EA-80F9-4E56-9C0C-0E50CAAF3636}.Release|Any CPU.ActiveCfg = Release|Any CPU
		{6B6EE3EA-80F9-4E56-9C0C-0E50CAAF3636}.Release|Any CPU.Build.0 = Release|Any CPU
		{9D501ADF-E32F-4CF2-8216-9FF0ACE93DE0}.Debug|Any CPU.ActiveCfg = Debug|Any CPU
		{9D501ADF-E32F-4CF2-8216-9FF0ACE93DE0}.Debug|Any CPU.Build.0 = Debug|Any CPU
		{9D501ADF-E32F-4CF2-8216-9FF0ACE93DE0}.Release|Any CPU.ActiveCfg = Release|Any CPU
		{9D501ADF-E32F-4CF2-8216-9FF0ACE93DE0}.Release|Any CPU.Build.0 = Release|Any CPU
		{680ED6C2-66A8-44B3-BCB3-1545446E9C37}.Debug|Any CPU.ActiveCfg = Debug|Any CPU
		{680ED6C2-66A8-44B3-BCB3-1545446E9C37}.Debug|Any CPU.Build.0 = Debug|Any CPU
		{680ED6C2-66A8-44B3-BCB3-1545446E9C37}.Release|Any CPU.ActiveCfg = Release|Any CPU
		{680ED6C2-66A8-44B3-BCB3-1545446E9C37}.Release|Any CPU.Build.0 = Release|Any CPU
		{95C4557E-C309-4799-9F48-0C76F5D7E3B8}.Debug|Any CPU.ActiveCfg = Debug|Any CPU
		{95C4557E-C309-4799-9F48-0C76F5D7E3B8}.Debug|Any CPU.Build.0 = Debug|Any CPU
		{95C4557E-C309-4799-9F48-0C76F5D7E3B8}.Release|Any CPU.ActiveCfg = Release|Any CPU
		{95C4557E-C309-4799-9F48-0C76F5D7E3B8}.Release|Any CPU.Build.0 = Release|Any CPU
		{E05814CF-215D-4A56-B895-A8D5995ECB0D}.Debug|Any CPU.ActiveCfg = Debug|Any CPU
		{E05814CF-215D-4A56-B895-A8D5995ECB0D}.Debug|Any CPU.Build.0 = Debug|Any CPU
		{E05814CF-215D-4A56-B895-A8D5995ECB0D}.Release|Any CPU.ActiveCfg = Release|Any CPU
		{E05814CF-215D-4A56-B895-A8D5995ECB0D}.Release|Any CPU.Build.0 = Release|Any CPU
		{ABF02BBE-E54B-48EF-8E22-9D085E03014D}.Debug|Any CPU.ActiveCfg = Debug|Any CPU
		{ABF02BBE-E54B-48EF-8E22-9D085E03014D}.Debug|Any CPU.Build.0 = Debug|Any CPU
		{ABF02BBE-E54B-48EF-8E22-9D085E03014D}.Release|Any CPU.ActiveCfg = Release|Any CPU
		{ABF02BBE-E54B-48EF-8E22-9D085E03014D}.Release|Any CPU.Build.0 = Release|Any CPU
	EndGlobalSection
	GlobalSection(SolutionProperties) = preSolution
		HideSolutionNode = FALSE
	EndGlobalSection
	GlobalSection(ExtensibilityGlobals) = postSolution
		SolutionGuid = {5E2BEF3B-5E93-426E-99BC-330224824965}
	EndGlobalSection
EndGlobal
